// !$*UTF8*$!
{
	archiveVersion = 1;
	classes = {
	};
	objectVersion = 50;
	objects = {

/* Begin PBXBuildFile section */
		AAC197F025148A2B00F47ABA /* AppDelegate.swift in Sources */ = {isa = PBXBuildFile; fileRef = AAC197EF25148A2B00F47ABA /* AppDelegate.swift */; };
		AAC197F225148A2B00F47ABA /* SceneDelegate.swift in Sources */ = {isa = PBXBuildFile; fileRef = AAC197F125148A2B00F47ABA /* SceneDelegate.swift */; };
		AAC197F425148A2B00F47ABA /* ViewController.swift in Sources */ = {isa = PBXBuildFile; fileRef = AAC197F325148A2B00F47ABA /* ViewController.swift */; };
		AAC197F725148A2B00F47ABA /* Main.storyboard in Resources */ = {isa = PBXBuildFile; fileRef = AAC197F525148A2B00F47ABA /* Main.storyboard */; };
		AAC197FA25148A2B00F47ABA /* TravelBook.xcdatamodeld in Sources */ = {isa = PBXBuildFile; fileRef = AAC197F825148A2B00F47ABA /* TravelBook.xcdatamodeld */; };
		AAC197FC25148A3000F47ABA /* Assets.xcassets in Resources */ = {isa = PBXBuildFile; fileRef = AAC197FB25148A3000F47ABA /* Assets.xcassets */; };
		AAC197FF25148A3000F47ABA /* LaunchScreen.storyboard in Resources */ = {isa = PBXBuildFile; fileRef = AAC197FD25148A3000F47ABA /* LaunchScreen.storyboard */; };
		AAC198072514AA0800F47ABA /* ListViewController.swift in Sources */ = {isa = PBXBuildFile; fileRef = AAC198062514AA0800F47ABA /* ListViewController.swift */; };
/* End PBXBuildFile section */

/* Begin PBXFileReference section */
		AAC197EC25148A2B00F47ABA /* TravelBook.app */ = {isa = PBXFileReference; explicitFileType = wrapper.application; includeInIndex = 0; path = TravelBook.app; sourceTree = BUILT_PRODUCTS_DIR; };
		AAC197EF25148A2B00F47ABA /* AppDelegate.swift */ = {isa = PBXFileReference; lastKnownFileType = sourcecode.swift; path = AppDelegate.swift; sourceTree = "<group>"; };
		AAC197F125148A2B00F47ABA /* SceneDelegate.swift */ = {isa = PBXFileReference; lastKnownFileType = sourcecode.swift; path = SceneDelegate.swift; sourceTree = "<group>"; };
		AAC197F325148A2B00F47ABA /* ViewController.swift */ = {isa = PBXFileReference; lastKnownFileType = sourcecode.swift; path = ViewController.swift; sourceTree = "<group>"; };
		AAC197F625148A2B00F47ABA /* Base */ = {isa = PBXFileReference; lastKnownFileType = file.storyboard; name = Base; path = Base.lproj/Main.storyboard; sourceTree = "<group>"; };
		AAC197F925148A2B00F47ABA /* TravelBook.xcdatamodel */ = {isa = PBXFileReference; lastKnownFileType = wrapper.xcdatamodel; path = TravelBook.xcdatamodel; sourceTree = "<group>"; };
		AAC197FB25148A3000F47ABA /* Assets.xcassets */ = {isa = PBXFileReference; lastKnownFileType = folder.assetcatalog; path = Assets.xcassets; sourceTree = "<group>"; };
		AAC197FE25148A3000F47ABA /* Base */ = {isa = PBXFileReference; lastKnownFileType = file.storyboard; name = Base; path = Base.lproj/LaunchScreen.storyboard; sourceTree = "<group>"; };
		AAC1980025148A3000F47ABA /* Info.plist */ = {isa = PBXFileReference; lastKnownFileType = text.plist.xml; path = Info.plist; sourceTree = "<group>"; };
		AAC198062514AA0800F47ABA /* ListViewController.swift */ = {isa = PBXFileReference; lastKnownFileType = sourcecode.swift; path = ListViewController.swift; sourceTree = "<group>"; };
/* End PBXFileReference section */

/* Begin PBXFrameworksBuildPhase section */
		AAC197E925148A2B00F47ABA /* Frameworks */ = {
			isa = PBXFrameworksBuildPhase;
			buildActionMask = 2147483647;
			files = (
			);
			runOnlyForDeploymentPostprocessing = 0;
		};
/* End PBXFrameworksBuildPhase section */

/* Begin PBXGroup section */
		AAC197E325148A2B00F47ABA = {
			isa = PBXGroup;
			children = (
				AAC197EE25148A2B00F47ABA /* TravelBook */,
				AAC197ED25148A2B00F47ABA /* Products */,
			);
			sourceTree = "<group>";
		};
		AAC197ED25148A2B00F47ABA /* Products */ = {
			isa = PBXGroup;
			children = (
				AAC197EC25148A2B00F47ABA /* TravelBook.app */,
			);
			name = Products;
			sourceTree = "<group>";
		};
		AAC197EE25148A2B00F47ABA /* TravelBook */ = {
			isa = PBXGroup;
			children = (
				AAC197EF25148A2B00F47ABA /* AppDelegate.swift */,
				AAC197F125148A2B00F47ABA /* SceneDelegate.swift */,
				AAC198062514AA0800F47ABA /* ListViewController.swift */,
				AAC197F325148A2B00F47ABA /* ViewController.swift */,
				AAC197F525148A2B00F47ABA /* Main.storyboard */,
				AAC197FB25148A3000F47ABA /* Assets.xcassets */,
				AAC197FD25148A3000F47ABA /* LaunchScreen.storyboard */,
				AAC1980025148A3000F47ABA /* Info.plist */,
				AAC197F825148A2B00F47ABA /* TravelBook.xcdatamodeld */,
			);
			path = TravelBook;
			sourceTree = "<group>";
		};
/* End PBXGroup section */

/* Begin PBXNativeTarget section */
		AAC197EB25148A2B00F47ABA /* TravelBook */ = {
			isa = PBXNativeTarget;
			buildConfigurationList = AAC1980325148A3000F47ABA /* Build configuration list for PBXNativeTarget "TravelBook" */;
			buildPhases = (
				AAC197E825148A2B00F47ABA /* Sources */,
				AAC197E925148A2B00F47ABA /* Frameworks */,
				AAC197EA25148A2B00F47ABA /* Resources */,
			);
			buildRules = (
			);
			dependencies = (
			);
			name = TravelBook;
			productName = TravelBook;
			productReference = AAC197EC25148A2B00F47ABA /* TravelBook.app */;
			productType = "com.apple.product-type.application";
		};
/* End PBXNativeTarget section */

/* Begin PBXProject section */
		AAC197E425148A2B00F47ABA /* Project object */ = {
			isa = PBXProject;
			attributes = {
				LastSwiftUpdateCheck = 1130;
				LastUpgradeCheck = 1130;
				ORGANIZATIONNAME = Semafor;
				TargetAttributes = {
					AAC197EB25148A2B00F47ABA = {
						CreatedOnToolsVersion = 11.3.1;
					};
				};
			};
			buildConfigurationList = AAC197E725148A2B00F47ABA /* Build configuration list for PBXProject "TravelBook" */;
			compatibilityVersion = "Xcode 9.3";
			developmentRegion = en;
			hasScannedForEncodings = 0;
			knownRegions = (
				en,
				Base,
			);
			mainGroup = AAC197E325148A2B00F47ABA;
			productRefGroup = AAC197ED25148A2B00F47ABA /* Products */;
			projectDirPath = "";
			projectRoot = "";
			targets = (
				AAC197EB25148A2B00F47ABA /* TravelBook */,
			);
		};
/* End PBXProject section */

/* Begin PBXResourcesBuildPhase section */
		AAC197EA25148A2B00F47ABA /* Resources */ = {
			isa = PBXResourcesBuildPhase;
			buildActionMask = 2147483647;
			files = (
				AAC197FF25148A3000F47ABA /* LaunchScreen.storyboard in Resources */,
				AAC197FC25148A3000F47ABA /* Assets.xcassets in Resources */,
				AAC197F725148A2B00F47ABA /* Main.storyboard in Resources */,
			);
			runOnlyForDeploymentPostprocessing = 0;
		};
/* End PBXResourcesBuildPhase section */

/* Begin PBXSourcesBuildPhase section */
		AAC197E825148A2B00F47ABA /* Sources */ = {
			isa = PBXSourcesBuildPhase;
			buildActionMask = 2147483647;
			files = (
				AAC197FA25148A2B00F47ABA /* TravelBook.xcdatamodeld in Sources */,
				AAC197F425148A2B00F47ABA /* ViewController.swift in Sources */,
				AAC197F025148A2B00F47ABA /* AppDelegate.swift in Sources */,
				AAC198072514AA0800F47ABA /* ListViewController.swift in Sources */,
				AAC197F225148A2B00F47ABA /* SceneDelegate.swift in Sources */,
			);
			runOnlyForDeploymentPostprocessing = 0;
		};
/* End PBXSourcesBuildPhase section */

/* Begin PBXVariantGroup section */
		AAC197F525148A2B00F47ABA /* Main.storyboard */ = {
			isa = PBXVariantGroup;
			children = (
				AAC197F625148A2B00F47ABA /* Base */,
			);
			name = Main.storyboard;
			sourceTree = "<group>";
		};
		AAC197FD25148A3000F47ABA /* LaunchScreen.storyboard */ = {
			isa = PBXVariantGroup;
			children = (
				AAC197FE25148A3000F47ABA /* Base */,
			);
			name = LaunchScreen.storyboard;
			sourceTree = "<group>";
		};
/* End PBXVariantGroup section */

/* Begin XCBuildConfiguration section */
		AAC1980125148A3000F47ABA /* Debug */ = {
			isa = XCBuildConfiguration;
			buildSettings = {
				ALWAYS_SEARCH_USER_PATHS = NO;
				CLANG_ANALYZER_NONNULL = YES;
				CLANG_ANALYZER_NUMBER_OBJECT_CONVERSION = YES_AGGRESSIVE;
				CLANG_CXX_LANGUAGE_STANDARD = "gnu++14";
				CLANG_CXX_LIBRARY = "libc++";
				CLANG_ENABLE_MODULES = YES;
				CLANG_ENABLE_OBJC_ARC = YES;
				CLANG_ENABLE_OBJC_WEAK = YES;
				CLANG_WARN_BLOCK_CAPTURE_AUTORELEASING = YES;
				CLANG_WARN_BOOL_CONVERSION = YES;
				CLANG_WARN_COMMA = YES;
				CLANG_WARN_CONSTANT_CONVERSION = YES;
				CLANG_WARN_DEPRECATED_OBJC_IMPLEMENTATIONS = YES;
				CLANG_WARN_DIRECT_OBJC_ISA_USAGE = YES_ERROR;
				CLANG_WARN_DOCUMENTATION_COMMENTS = YES;
				CLANG_WARN_EMPTY_BODY = YES;
				CLANG_WARN_ENUM_CONVERSION = YES;
				CLANG_WARN_INFINITE_RECURSION = YES;
				CLANG_WARN_INT_CONVERSION = YES;
				CLANG_WARN_NON_LITERAL_NULL_CONVERSION = YES;
				CLANG_WARN_OBJC_IMPLICIT_RETAIN_SELF = YES;
				CLANG_WARN_OBJC_LITERAL_CONVERSION = YES;
				CLANG_WARN_OBJC_ROOT_CLASS = YES_ERROR;
				CLANG_WARN_RANGE_LOOP_ANALYSIS = YES;
				CLANG_WARN_STRICT_PROTOTYPES = YES;
				CLANG_WARN_SUSPICIOUS_MOVE = YES;
				CLANG_WARN_UNGUARDED_AVAILABILITY = YES_AGGRESSIVE;
				CLANG_WARN_UNREACHABLE_CODE = YES;
				CLANG_WARN__DUPLICATE_METHOD_MATCH = YES;
				COPY_PHASE_STRIP = NO;
				DEBUG_INFORMATION_FORMAT = dwarf;
				ENABLE_STRICT_OBJC_MSGSEND = YES;
				ENABLE_TESTABILITY = YES;
				GCC_C_LANGUAGE_STANDARD = gnu11;
				GCC_DYNAMIC_NO_PIC = NO;
				GCC_NO_COMMON_BLOCKS = YES;
				GCC_OPTIMIZATION_LEVEL = 0;
				GCC_PREPROCESSOR_DEFINITIONS = (
					"DEBUG=1",
					"$(inherited)",
				);
				GCC_WARN_64_TO_32_BIT_CONVERSION = YES;
				GCC_WARN_ABOUT_RETURN_TYPE = YES_ERROR;
				GCC_WARN_UNDECLARED_SELECTOR = YES;
				GCC_WARN_UNINITIALIZED_AUTOS = YES_AGGRESSIVE;
				GCC_WARN_UNUSED_FUNCTION = YES;
				GCC_WARN_UNUSED_VARIABLE = YES;
				IPHONEOS_DEPLOYMENT_TARGET = 13.2;
				MTL_ENABLE_DEBUG_INFO = INCLUDE_SOURCE;
				MTL_FAST_MATH = YES;
				ONLY_ACTIVE_ARCH = YES;
				SDKROOT = iphoneos;
				SWIFT_ACTIVE_COMPILATION_CONDITIONS = DEBUG;
				SWIFT_OPTIMIZATION_LEVEL = "-Onone";
			};
			name = Debug;
		};
		AAC1980225148A3000F47ABA /* Release */ = {
			isa = XCBuildConfiguration;
			buildSettings = {
				ALWAYS_SEARCH_USER_PATHS = NO;
				CLANG_ANALYZER_NONNULL = YES;
				CLANG_ANALYZER_NUMBER_OBJECT_CONVERSION = YES_AGGRESSIVE;
				CLANG_CXX_LANGUAGE_STANDARD = "gnu++14";
				CLANG_CXX_LIBRARY = "libc++";
				CLANG_ENABLE_MODULES = YES;
				CLANG_ENABLE_OBJC_ARC = YES;
				CLANG_ENABLE_OBJC_WEAK = YES;
				CLANG_WARN_BLOCK_CAPTURE_AUTORELEASING = YES;
				CLANG_WARN_BOOL_CONVERSION = YES;
				CLANG_WARN_COMMA = YES;
				CLANG_WARN_CONSTANT_CONVERSION = YES;
				CLANG_WARN_DEPRECATED_OBJC_IMPLEMENTATIONS = YES;
				CLANG_WARN_DIRECT_OBJC_ISA_USAGE = YES_ERROR;
				CLANG_WARN_DOCUMENTATION_COMMENTS = YES;
				CLANG_WARN_EMPTY_BODY = YES;
				CLANG_WARN_ENUM_CONVERSION = YES;
				CLANG_WARN_INFINITE_RECURSION = YES;
				CLANG_WARN_INT_CONVERSION = YES;
				CLANG_WARN_NON_LITERAL_NULL_CONVERSION = YES;
				CLANG_WARN_OBJC_IMPLICIT_RETAIN_SELF = YES;
				CLANG_WARN_OBJC_LITERAL_CONVERSION = YES;
				CLANG_WARN_OBJC_ROOT_CLASS = YES_ERROR;
				CLANG_WARN_RANGE_LOOP_ANALYSIS = YES;
				CLANG_WARN_STRICT_PROTOTYPES = YES;
				CLANG_WARN_SUSPICIOUS_MOVE = YES;
				CLANG_WARN_UNGUARDED_AVAILABILITY = YES_AGGRESSIVE;
				CLANG_WARN_UNREACHABLE_CODE = YES;
				CLANG_WARN__DUPLICATE_METHOD_MATCH = YES;
				COPY_PHASE_STRIP = NO;
				DEBUG_INFORMATION_FORMAT = "dwarf-with-dsym";
				ENABLE_NS_ASSERTIONS = NO;
				ENABLE_STRICT_OBJC_MSGSEND = YES;
				GCC_C_LANGUAGE_STANDARD = gnu11;
				GCC_NO_COMMON_BLOCKS = YES;
				GCC_WARN_64_TO_32_BIT_CONVERSION = YES;
				GCC_WARN_ABOUT_RETURN_TYPE = YES_ERROR;
				GCC_WARN_UNDECLARED_SELECTOR = YES;
				GCC_WARN_UNINITIALIZED_AUTOS = YES_AGGRESSIVE;
				GCC_WARN_UNUSED_FUNCTION = YES;
				GCC_WARN_UNUSED_VARIABLE = YES;
				IPHONEOS_DEPLOYMENT_TARGET = 13.2;
				MTL_ENABLE_DEBUG_INFO = NO;
				MTL_FAST_MATH = YES;
				SDKROOT = iphoneos;
				SWIFT_COMPILATION_MODE = wholemodule;
				SWIFT_OPTIMIZATION_LEVEL = "-O";
				VALIDATE_PRODUCT = YES;
			};
			name = Release;
		};
		AAC1980425148A3000F47ABA /* Debug */ = {
			isa = XCBuildConfiguration;
			buildSettings = {
				ASSETCATALOG_COMPILER_APPICON_NAME = AppIcon;
				CODE_SIGN_STYLE = Automatic;
				DEVELOPMENT_TEAM = K7DJT92BSW;
				INFOPLIST_FILE = TravelBook/Info.plist;
				LD_RUNPATH_SEARCH_PATHS = (
					"$(inherited)",
					"@executable_path/Frameworks",
				);
				PRODUCT_BUNDLE_IDENTIFIER = com.semafor.TravelBook;
				PRODUCT_NAME = "$(TARGET_NAME)";
				SWIFT_VERSION = 5.0;
				TARGETED_DEVICE_FAMILY = "1,2";
			};
			name = Debug;
		};
		AAC1980525148A3000F47ABA /* Release */ = {
			isa = XCBuildConfiguration;
			buildSettings = {
				ASSETCATALOG_COMPILER_APPICON_NAME = AppIcon;
				CODE_SIGN_STYLE = Automatic;
				DEVELOPMENT_TEAM = K7DJT92BSW;
				INFOPLIST_FILE = TravelBook/Info.plist;
				LD_RUNPATH_SEARCH_PATHS = (
					"$(inherited)",
					"@executable_path/Frameworks",
				);
				PRODUCT_BUNDLE_IDENTIFIER = com.semafor.TravelBook;
				PRODUCT_NAME = "$(TARGET_NAME)";
				SWIFT_VERSION = 5.0;
				TARGETED_DEVICE_FAMILY = "1,2";
			};
			name = Release;
		};
/* End XCBuildConfiguration section */

/* Begin XCConfigurationList section */
		AAC197E725148A2B00F47ABA /* Build configuration list for PBXProject "TravelBook" */ = {
			isa = XCConfigurationList;
			buildConfigurations = (
				AAC1980125148A3000F47ABA /* Debug */,
				AAC1980225148A3000F47ABA /* Release */,
			);
			defaultConfigurationIsVisible = 0;
			defaultConfigurationName = Release;
		};
		AAC1980325148A3000F47ABA /* Build configuration list for PBXNativeTarget "TravelBook" */ = {
			isa = XCConfigurationList;
			buildConfigurations = (
				AAC1980425148A3000F47ABA /* Debug */,
				AAC1980525148A3000F47ABA /* Release */,
			);
			defaultConfigurationIsVisible = 0;
			defaultConfigurationName = Release;
		};
/* End XCConfigurationList section */

/* Begin XCVersionGroup section */
		AAC197F825148A2B00F47ABA /* TravelBook.xcdatamodeld */ = {
			isa = XCVersionGroup;
			children = (
				AAC197F925148A2B00F47ABA /* TravelBook.xcdatamodel */,
			);
			currentVersion = AAC197F925148A2B00F47ABA /* TravelBook.xcdatamodel */;
			path = TravelBook.xcdatamodeld;
			sourceTree = "<group>";
			versionGroupType = wrapper.xcdatamodel;
		};
/* End XCVersionGroup section */
	};
	rootObject = AAC197E425148A2B00F47ABA /* Project object */;
}
